// !$*UTF8*$!
{
	archiveVersion = 1;
	classes = {
	};
	objectVersion = 46;
	objects = {

/* Begin PBXBuildFile section */
		9C15B126190B6BDC00BAFC97 /* libz.dylib in Frameworks */ = {isa = PBXBuildFile; fileRef = 9C15B125190B6BDC00BAFC97 /* libz.dylib */; };
		9C15B12B191472FF00BAFC97 /* start-trans.png in Resources */ = {isa = PBXBuildFile; fileRef = 9C15B12A191472FF00BAFC97 /* start-trans.png */; };
		9C15B12D1914731100BAFC97 /* join_trans.png in Resources */ = {isa = PBXBuildFile; fileRef = 9C15B12C1914731100BAFC97 /* join_trans.png */; };
		9C15B1541914757400BAFC97 /* AFHTTPRequestOperation.m in Sources */ = {isa = PBXBuildFile; fileRef = 9C15B1301914757300BAFC97 /* AFHTTPRequestOperation.m */; };
		9C15B1551914757400BAFC97 /* AFHTTPRequestOperationManager.m in Sources */ = {isa = PBXBuildFile; fileRef = 9C15B1321914757300BAFC97 /* AFHTTPRequestOperationManager.m */; };
		9C15B1561914757400BAFC97 /* AFHTTPSessionManager.m in Sources */ = {isa = PBXBuildFile; fileRef = 9C15B1341914757300BAFC97 /* AFHTTPSessionManager.m */; };
		9C15B1571914757400BAFC97 /* AFNetworkReachabilityManager.m in Sources */ = {isa = PBXBuildFile; fileRef = 9C15B1371914757300BAFC97 /* AFNetworkReachabilityManager.m */; };
		9C15B1581914757400BAFC97 /* AFSecurityPolicy.m in Sources */ = {isa = PBXBuildFile; fileRef = 9C15B1391914757300BAFC97 /* AFSecurityPolicy.m */; };
		9C15B1591914757400BAFC97 /* AFURLConnectionOperation.m in Sources */ = {isa = PBXBuildFile; fileRef = 9C15B13B1914757300BAFC97 /* AFURLConnectionOperation.m */; };
		9C15B15A1914757400BAFC97 /* AFURLRequestSerialization.m in Sources */ = {isa = PBXBuildFile; fileRef = 9C15B13D1914757300BAFC97 /* AFURLRequestSerialization.m */; };
		9C15B15B1914757400BAFC97 /* AFURLResponseSerialization.m in Sources */ = {isa = PBXBuildFile; fileRef = 9C15B13F1914757300BAFC97 /* AFURLResponseSerialization.m */; };
		9C15B15C1914757400BAFC97 /* AFURLSessionManager.m in Sources */ = {isa = PBXBuildFile; fileRef = 9C15B1411914757300BAFC97 /* AFURLSessionManager.m */; };
		9C15B15D1914757400BAFC97 /* AFNetworkActivityIndicatorManager.m in Sources */ = {isa = PBXBuildFile; fileRef = 9C15B1441914757400BAFC97 /* AFNetworkActivityIndicatorManager.m */; };
		9C15B15E1914757400BAFC97 /* UIActivityIndicatorView+AFNetworking.m in Sources */ = {isa = PBXBuildFile; fileRef = 9C15B1461914757400BAFC97 /* UIActivityIndicatorView+AFNetworking.m */; };
		9C15B15F1914757400BAFC97 /* UIAlertView+AFNetworking.m in Sources */ = {isa = PBXBuildFile; fileRef = 9C15B1481914757400BAFC97 /* UIAlertView+AFNetworking.m */; };
		9C15B1601914757400BAFC97 /* UIButton+AFNetworking.m in Sources */ = {isa = PBXBuildFile; fileRef = 9C15B14A1914757400BAFC97 /* UIButton+AFNetworking.m */; };
		9C15B1611914757400BAFC97 /* UIImageView+AFNetworking.m in Sources */ = {isa = PBXBuildFile; fileRef = 9C15B14C1914757400BAFC97 /* UIImageView+AFNetworking.m */; };
		9C15B1621914757400BAFC97 /* UIProgressView+AFNetworking.m in Sources */ = {isa = PBXBuildFile; fileRef = 9C15B14F1914757400BAFC97 /* UIProgressView+AFNetworking.m */; };
		9C15B1631914757400BAFC97 /* UIRefreshControl+AFNetworking.m in Sources */ = {isa = PBXBuildFile; fileRef = 9C15B1511914757400BAFC97 /* UIRefreshControl+AFNetworking.m */; };
		9C15B1641914757400BAFC97 /* UIWebView+AFNetworking.m in Sources */ = {isa = PBXBuildFile; fileRef = 9C15B1531914757400BAFC97 /* UIWebView+AFNetworking.m */; };
		B30040691468D95500ECAA10 /* connected.png in Resources */ = {isa = PBXBuildFile; fileRef = B30040671468D95500ECAA10 /* connected.png */; };
		B300406A1468D95500ECAA10 /* disconnected.png in Resources */ = {isa = PBXBuildFile; fileRef = B30040681468D95500ECAA10 /* disconnected.png */; };
		B3004077146BB80B00ECAA10 /* ImportViewController.m in Sources */ = {isa = PBXBuildFile; fileRef = B3004075146BB80B00ECAA10 /* ImportViewController.m */; };
		B3004078146BB80B00ECAA10 /* ImportViewController.xib in Resources */ = {isa = PBXBuildFile; fileRef = B3004076146BB80B00ECAA10 /* ImportViewController.xib */; };
		B34418121433C94C001AD6A3 /* Draw2InputViewController.m in Sources */ = {isa = PBXBuildFile; fileRef = B34418101433C94C001AD6A3 /* Draw2InputViewController.m */; };
		B34418131433C94C001AD6A3 /* Draw2InputViewController.xib in Resources */ = {isa = PBXBuildFile; fileRef = B34418111433C94C001AD6A3 /* Draw2InputViewController.xib */; };
		B35B36CD14494B9700D0E3D9 /* MessageUI.framework in Frameworks */ = {isa = PBXBuildFile; fileRef = B35B36CC14494B9700D0E3D9 /* MessageUI.framework */; };
		B38E1B15144D4CC4009CE64A /* Draw2SaveController.m in Sources */ = {isa = PBXBuildFile; fileRef = B38E1B13144D4CC4009CE64A /* Draw2SaveController.m */; };
		B38E1B16144D4CC4009CE64A /* Draw2SaveController.xib in Resources */ = {isa = PBXBuildFile; fileRef = B38E1B14144D4CC4009CE64A /* Draw2SaveController.xib */; };
		B38E1B6C145279CA009CE64A /* black_trans.png in Resources */ = {isa = PBXBuildFile; fileRef = B38E1B63145279CA009CE64A /* black_trans.png */; };
		B38E1B6D145279CA009CE64A /* blue_trans.png in Resources */ = {isa = PBXBuildFile; fileRef = B38E1B64145279CA009CE64A /* blue_trans.png */; };
		B38E1B6E145279CA009CE64A /* camera_trans.png in Resources */ = {isa = PBXBuildFile; fileRef = B38E1B65145279CA009CE64A /* camera_trans.png */; };
		B38E1B6F145279CA009CE64A /* delete_trans.png in Resources */ = {isa = PBXBuildFile; fileRef = B38E1B66145279CA009CE64A /* delete_trans.png */; };
		B38E1B70145279CA009CE64A /* earser_trans.png in Resources */ = {isa = PBXBuildFile; fileRef = B38E1B67145279CA009CE64A /* earser_trans.png */; };
		B38E1B71145279CA009CE64A /* green_trans.png in Resources */ = {isa = PBXBuildFile; fileRef = B38E1B68145279CA009CE64A /* green_trans.png */; };
		B38E1B72145279CA009CE64A /* pencil_trans.png in Resources */ = {isa = PBXBuildFile; fileRef = B38E1B69145279CA009CE64A /* pencil_trans.png */; };
		B38E1B73145279CA009CE64A /* red_trans.png in Resources */ = {isa = PBXBuildFile; fileRef = B38E1B6A145279CA009CE64A /* red_trans.png */; };
		B38E1B74145279CA009CE64A /* save_trans.png in Resources */ = {isa = PBXBuildFile; fileRef = B38E1B6B145279CA009CE64A /* save_trans.png */; };
		B38E1B7814528D91009CE64A /* CameraPreviewController.m in Sources */ = {isa = PBXBuildFile; fileRef = B38E1B7614528D91009CE64A /* CameraPreviewController.m */; };
		B38E1B7914528D91009CE64A /* CameraPreviewController.xib in Resources */ = {isa = PBXBuildFile; fileRef = B38E1B7714528D91009CE64A /* CameraPreviewController.xib */; };
		B38E1B7B14528DB6009CE64A /* CoreVideo.framework in Frameworks */ = {isa = PBXBuildFile; fileRef = B38E1B7A14528DB6009CE64A /* CoreVideo.framework */; };
		B38E1B7D14528DBF009CE64A /* CoreMedia.framework in Frameworks */ = {isa = PBXBuildFile; fileRef = B38E1B7C14528DBF009CE64A /* CoreMedia.framework */; };
		B38E1B7F14528DC7009CE64A /* AVFoundation.framework in Frameworks */ = {isa = PBXBuildFile; fileRef = B38E1B7E14528DC7009CE64A /* AVFoundation.framework */; };
		B38E1B8114528DDA009CE64A /* ImageIO.framework in Frameworks */ = {isa = PBXBuildFile; fileRef = B38E1B8014528DDA009CE64A /* ImageIO.framework */; };
		B38E1B831452A0BD009CE64A /* QuartzCore.framework in Frameworks */ = {isa = PBXBuildFile; fileRef = B38E1B821452A0BC009CE64A /* QuartzCore.framework */; };
		B3CB3BA1144280DF00B92CB3 /* DrawContext.m in Sources */ = {isa = PBXBuildFile; fileRef = B3CB3BA0144280DF00B92CB3 /* DrawContext.m */; };
		B3CB3BAD1442879800B92CB3 /* Draw2ViewController.xib in Resources */ = {isa = PBXBuildFile; fileRef = B3CB3BAB1442879800B92CB3 /* Draw2ViewController.xib */; };
		B3F0C281140C045700937D6C /* UIKit.framework in Frameworks */ = {isa = PBXBuildFile; fileRef = B3F0C280140C045700937D6C /* UIKit.framework */; };
		B3F0C283140C045700937D6C /* Foundation.framework in Frameworks */ = {isa = PBXBuildFile; fileRef = B3F0C282140C045700937D6C /* Foundation.framework */; };
		B3F0C285140C045700937D6C /* CoreGraphics.framework in Frameworks */ = {isa = PBXBuildFile; fileRef = B3F0C284140C045700937D6C /* CoreGraphics.framework */; };
		B3F0C28B140C045700937D6C /* InfoPlist.strings in Resources */ = {isa = PBXBuildFile; fileRef = B3F0C289140C045700937D6C /* InfoPlist.strings */; };
		B3F0C28E140C045700937D6C /* main.m in Sources */ = {isa = PBXBuildFile; fileRef = B3F0C28D140C045700937D6C /* main.m */; };
		B3F0C291140C045700937D6C /* Draw2AppDelegate.m in Sources */ = {isa = PBXBuildFile; fileRef = B3F0C290140C045700937D6C /* Draw2AppDelegate.m */; };
		B3F0C294140C045700937D6C /* MainWindow.xib in Resources */ = {isa = PBXBuildFile; fileRef = B3F0C292140C045700937D6C /* MainWindow.xib */; };
		B3F0C297140C045700937D6C /* Draw2ViewController.m in Sources */ = {isa = PBXBuildFile; fileRef = B3F0C296140C045700937D6C /* Draw2ViewController.m */; };
		B3F0C2A2140C063800937D6C /* Draw2View.m in Sources */ = {isa = PBXBuildFile; fileRef = B3F0C2A1140C063800937D6C /* Draw2View.m */; };
		B3F0C2CC1419BF2100937D6C /* CFNetwork.framework in Frameworks */ = {isa = PBXBuildFile; fileRef = B3F0C2CB1419BF2100937D6C /* CFNetwork.framework */; };
		B3F0C2CE1419BF3100937D6C /* SystemConfiguration.framework in Frameworks */ = {isa = PBXBuildFile; fileRef = B3F0C2CD1419BF3100937D6C /* SystemConfiguration.framework */; };
		B3F0C2D01419BF3B00937D6C /* MobileCoreServices.framework in Frameworks */ = {isa = PBXBuildFile; fileRef = B3F0C2CF1419BF3B00937D6C /* MobileCoreServices.framework */; };
/* End PBXBuildFile section */

/* Begin PBXFileReference section */
		9C15B125190B6BDC00BAFC97 /* libz.dylib */ = {isa = PBXFileReference; lastKnownFileType = "compiled.mach-o.dylib"; name = libz.dylib; path = usr/lib/libz.dylib; sourceTree = SDKROOT; };
		9C15B12A191472FF00BAFC97 /* start-trans.png */ = {isa = PBXFileReference; lastKnownFileType = image.png; name = "start-trans.png"; path = "icons/start-trans.png"; sourceTree = "<group>"; };
		9C15B12C1914731100BAFC97 /* join_trans.png */ = {isa = PBXFileReference; lastKnownFileType = image.png; name = join_trans.png; path = icons/join_trans.png; sourceTree = "<group>"; };
		9C15B12F1914757300BAFC97 /* AFHTTPRequestOperation.h */ = {isa = PBXFileReference; fileEncoding = 4; lastKnownFileType = sourcecode.c.h; path = AFHTTPRequestOperation.h; sourceTree = "<group>"; };
		9C15B1301914757300BAFC97 /* AFHTTPRequestOperation.m */ = {isa = PBXFileReference; fileEncoding = 4; lastKnownFileType = sourcecode.c.objc; path = AFHTTPRequestOperation.m; sourceTree = "<group>"; };
		9C15B1311914757300BAFC97 /* AFHTTPRequestOperationManager.h */ = {isa = PBXFileReference; fileEncoding = 4; lastKnownFileType = sourcecode.c.h; path = AFHTTPRequestOperationManager.h; sourceTree = "<group>"; };
		9C15B1321914757300BAFC97 /* AFHTTPRequestOperationManager.m */ = {isa = PBXFileReference; fileEncoding = 4; lastKnownFileType = sourcecode.c.objc; path = AFHTTPRequestOperationManager.m; sourceTree = "<group>"; };
		9C15B1331914757300BAFC97 /* AFHTTPSessionManager.h */ = {isa = PBXFileReference; fileEncoding = 4; lastKnownFileType = sourcecode.c.h; path = AFHTTPSessionManager.h; sourceTree = "<group>"; };
		9C15B1341914757300BAFC97 /* AFHTTPSessionManager.m */ = {isa = PBXFileReference; fileEncoding = 4; lastKnownFileType = sourcecode.c.objc; path = AFHTTPSessionManager.m; sourceTree = "<group>"; };
		9C15B1351914757300BAFC97 /* AFNetworking.h */ = {isa = PBXFileReference; fileEncoding = 4; lastKnownFileType = sourcecode.c.h; path = AFNetworking.h; sourceTree = "<group>"; };
		9C15B1361914757300BAFC97 /* AFNetworkReachabilityManager.h */ = {isa = PBXFileReference; fileEncoding = 4; lastKnownFileType = sourcecode.c.h; path = AFNetworkReachabilityManager.h; sourceTree = "<group>"; };
		9C15B1371914757300BAFC97 /* AFNetworkReachabilityManager.m */ = {isa = PBXFileReference; fileEncoding = 4; lastKnownFileType = sourcecode.c.objc; path = AFNetworkReachabilityManager.m; sourceTree = "<group>"; };
		9C15B1381914757300BAFC97 /* AFSecurityPolicy.h */ = {isa = PBXFileReference; fileEncoding = 4; lastKnownFileType = sourcecode.c.h; path = AFSecurityPolicy.h; sourceTree = "<group>"; };
		9C15B1391914757300BAFC97 /* AFSecurityPolicy.m */ = {isa = PBXFileReference; fileEncoding = 4; lastKnownFileType = sourcecode.c.objc; path = AFSecurityPolicy.m; sourceTree = "<group>"; };
		9C15B13A1914757300BAFC97 /* AFURLConnectionOperation.h */ = {isa = PBXFileReference; fileEncoding = 4; lastKnownFileType = sourcecode.c.h; path = AFURLConnectionOperation.h; sourceTree = "<group>"; };
		9C15B13B1914757300BAFC97 /* AFURLConnectionOperation.m */ = {isa = PBXFileReference; fileEncoding = 4; lastKnownFileType = sourcecode.c.objc; path = AFURLConnectionOperation.m; sourceTree = "<group>"; };
		9C15B13C1914757300BAFC97 /* AFURLRequestSerialization.h */ = {isa = PBXFileReference; fileEncoding = 4; lastKnownFileType = sourcecode.c.h; path = AFURLRequestSerialization.h; sourceTree = "<group>"; };
		9C15B13D1914757300BAFC97 /* AFURLRequestSerialization.m */ = {isa = PBXFileReference; fileEncoding = 4; lastKnownFileType = sourcecode.c.objc; path = AFURLRequestSerialization.m; sourceTree = "<group>"; };
		9C15B13E1914757300BAFC97 /* AFURLResponseSerialization.h */ = {isa = PBXFileReference; fileEncoding = 4; lastKnownFileType = sourcecode.c.h; path = AFURLResponseSerialization.h; sourceTree = "<group>"; };
		9C15B13F1914757300BAFC97 /* AFURLResponseSerialization.m */ = {isa = PBXFileReference; fileEncoding = 4; lastKnownFileType = sourcecode.c.objc; path = AFURLResponseSerialization.m; sourceTree = "<group>"; };
		9C15B1401914757300BAFC97 /* AFURLSessionManager.h */ = {isa = PBXFileReference; fileEncoding = 4; lastKnownFileType = sourcecode.c.h; path = AFURLSessionManager.h; sourceTree = "<group>"; };
		9C15B1411914757300BAFC97 /* AFURLSessionManager.m */ = {isa = PBXFileReference; fileEncoding = 4; lastKnownFileType = sourcecode.c.objc; path = AFURLSessionManager.m; sourceTree = "<group>"; };
		9C15B1431914757400BAFC97 /* AFNetworkActivityIndicatorManager.h */ = {isa = PBXFileReference; fileEncoding = 4; lastKnownFileType = sourcecode.c.h; path = AFNetworkActivityIndicatorManager.h; sourceTree = "<group>"; };
		9C15B1441914757400BAFC97 /* AFNetworkActivityIndicatorManager.m */ = {isa = PBXFileReference; fileEncoding = 4; lastKnownFileType = sourcecode.c.objc; path = AFNetworkActivityIndicatorManager.m; sourceTree = "<group>"; };
		9C15B1451914757400BAFC97 /* UIActivityIndicatorView+AFNetworking.h */ = {isa = PBXFileReference; fileEncoding = 4; lastKnownFileType = sourcecode.c.h; path = "UIActivityIndicatorView+AFNetworking.h"; sourceTree = "<group>"; };
		9C15B1461914757400BAFC97 /* UIActivityIndicatorView+AFNetworking.m */ = {isa = PBXFileReference; fileEncoding = 4; lastKnownFileType = sourcecode.c.objc; path = "UIActivityIndicatorView+AFNetworking.m"; sourceTree = "<group>"; };
		9C15B1471914757400BAFC97 /* UIAlertView+AFNetworking.h */ = {isa = PBXFileReference; fileEncoding = 4; lastKnownFileType = sourcecode.c.h; path = "UIAlertView+AFNetworking.h"; sourceTree = "<group>"; };
		9C15B1481914757400BAFC97 /* UIAlertView+AFNetworking.m */ = {isa = PBXFileReference; fileEncoding = 4; lastKnownFileType = sourcecode.c.objc; path = "UIAlertView+AFNetworking.m"; sourceTree = "<group>"; };
		9C15B1491914757400BAFC97 /* UIButton+AFNetworking.h */ = {isa = PBXFileReference; fileEncoding = 4; lastKnownFileType = sourcecode.c.h; path = "UIButton+AFNetworking.h"; sourceTree = "<group>"; };
		9C15B14A1914757400BAFC97 /* UIButton+AFNetworking.m */ = {isa = PBXFileReference; fileEncoding = 4; lastKnownFileType = sourcecode.c.objc; path = "UIButton+AFNetworking.m"; sourceTree = "<group>"; };
		9C15B14B1914757400BAFC97 /* UIImageView+AFNetworking.h */ = {isa = PBXFileReference; fileEncoding = 4; lastKnownFileType = sourcecode.c.h; path = "UIImageView+AFNetworking.h"; sourceTree = "<group>"; };
		9C15B14C1914757400BAFC97 /* UIImageView+AFNetworking.m */ = {isa = PBXFileReference; fileEncoding = 4; lastKnownFileType = sourcecode.c.objc; path = "UIImageView+AFNetworking.m"; sourceTree = "<group>"; };
		9C15B14D1914757400BAFC97 /* UIKit+AFNetworking.h */ = {isa = PBXFileReference; fileEncoding = 4; lastKnownFileType = sourcecode.c.h; path = "UIKit+AFNetworking.h"; sourceTree = "<group>"; };
		9C15B14E1914757400BAFC97 /* UIProgressView+AFNetworking.h */ = {isa = PBXFileReference; fileEncoding = 4; lastKnownFileType = sourcecode.c.h; path = "UIProgressView+AFNetworking.h"; sourceTree = "<group>"; };
		9C15B14F1914757400BAFC97 /* UIProgressView+AFNetworking.m */ = {isa = PBXFileReference; fileEncoding = 4; lastKnownFileType = sourcecode.c.objc; path = "UIProgressView+AFNetworking.m"; sourceTree = "<group>"; };
		9C15B1501914757400BAFC97 /* UIRefreshControl+AFNetworking.h */ = {isa = PBXFileReference; fileEncoding = 4; lastKnownFileType = sourcecode.c.h; path = "UIRefreshControl+AFNetworking.h"; sourceTree = "<group>"; };
		9C15B1511914757400BAFC97 /* UIRefreshControl+AFNetworking.m */ = {isa = PBXFileReference; fileEncoding = 4; lastKnownFileType = sourcecode.c.objc; path = "UIRefreshControl+AFNetworking.m"; sourceTree = "<group>"; };
		9C15B1521914757400BAFC97 /* UIWebView+AFNetworking.h */ = {isa = PBXFileReference; fileEncoding = 4; lastKnownFileType = sourcecode.c.h; path = "UIWebView+AFNetworking.h"; sourceTree = "<group>"; };
		9C15B1531914757400BAFC97 /* UIWebView+AFNetworking.m */ = {isa = PBXFileReference; fileEncoding = 4; lastKnownFileType = sourcecode.c.objc; path = "UIWebView+AFNetworking.m"; sourceTree = "<group>"; };
		B30040671468D95500ECAA10 /* connected.png */ = {isa = PBXFileReference; lastKnownFileType = image.png; name = connected.png; path = icons/connected.png; sourceTree = "<group>"; };
		B30040681468D95500ECAA10 /* disconnected.png */ = {isa = PBXFileReference; lastKnownFileType = image.png; name = disconnected.png; path = icons/disconnected.png; sourceTree = "<group>"; };
		B3004074146BB80A00ECAA10 /* ImportViewController.h */ = {isa = PBXFileReference; fileEncoding = 4; lastKnownFileType = sourcecode.c.h; path = ImportViewController.h; sourceTree = "<group>"; };
		B3004075146BB80B00ECAA10 /* ImportViewController.m */ = {isa = PBXFileReference; fileEncoding = 4; lastKnownFileType = sourcecode.c.objc; path = ImportViewController.m; sourceTree = "<group>"; };
		B3004076146BB80B00ECAA10 /* ImportViewController.xib */ = {isa = PBXFileReference; fileEncoding = 4; lastKnownFileType = file.xib; path = ImportViewController.xib; sourceTree = "<group>"; };
		B344180F1433C94C001AD6A3 /* Draw2InputViewController.h */ = {isa = PBXFileReference; fileEncoding = 4; lastKnownFileType = sourcecode.c.h; path = Draw2InputViewController.h; sourceTree = "<group>"; };
		B34418101433C94C001AD6A3 /* Draw2InputViewController.m */ = {isa = PBXFileReference; fileEncoding = 4; lastKnownFileType = sourcecode.c.objc; path = Draw2InputViewController.m; sourceTree = "<group>"; };
		B34418111433C94C001AD6A3 /* Draw2InputViewController.xib */ = {isa = PBXFileReference; fileEncoding = 4; lastKnownFileType = file.xib; path = Draw2InputViewController.xib; sourceTree = "<group>"; };
		B35B36CC14494B9700D0E3D9 /* MessageUI.framework */ = {isa = PBXFileReference; lastKnownFileType = wrapper.framework; name = MessageUI.framework; path = System/Library/Frameworks/MessageUI.framework; sourceTree = SDKROOT; };
		B38E1B12144D4CC4009CE64A /* Draw2SaveController.h */ = {isa = PBXFileReference; fileEncoding = 4; lastKnownFileType = sourcecode.c.h; path = Draw2SaveController.h; sourceTree = "<group>"; };
		B38E1B13144D4CC4009CE64A /* Draw2SaveController.m */ = {isa = PBXFileReference; fileEncoding = 4; lastKnownFileType = sourcecode.c.objc; path = Draw2SaveController.m; sourceTree = "<group>"; };
		B38E1B14144D4CC4009CE64A /* Draw2SaveController.xib */ = {isa = PBXFileReference; fileEncoding = 4; lastKnownFileType = file.xib; path = Draw2SaveController.xib; sourceTree = "<group>"; };
		B38E1B63145279CA009CE64A /* black_trans.png */ = {isa = PBXFileReference; lastKnownFileType = image.png; name = black_trans.png; path = icons/black_trans.png; sourceTree = "<group>"; };
		B38E1B64145279CA009CE64A /* blue_trans.png */ = {isa = PBXFileReference; lastKnownFileType = image.png; name = blue_trans.png; path = icons/blue_trans.png; sourceTree = "<group>"; };
		B38E1B65145279CA009CE64A /* camera_trans.png */ = {isa = PBXFileReference; lastKnownFileType = image.png; name = camera_trans.png; path = icons/camera_trans.png; sourceTree = "<group>"; };
		B38E1B66145279CA009CE64A /* delete_trans.png */ = {isa = PBXFileReference; lastKnownFileType = image.png; name = delete_trans.png; path = icons/delete_trans.png; sourceTree = "<group>"; };
		B38E1B67145279CA009CE64A /* earser_trans.png */ = {isa = PBXFileReference; lastKnownFileType = image.png; name = earser_trans.png; path = icons/earser_trans.png; sourceTree = "<group>"; };
		B38E1B68145279CA009CE64A /* green_trans.png */ = {isa = PBXFileReference; lastKnownFileType = image.png; name = green_trans.png; path = icons/green_trans.png; sourceTree = "<group>"; };
		B38E1B69145279CA009CE64A /* pencil_trans.png */ = {isa = PBXFileReference; lastKnownFileType = image.png; name = pencil_trans.png; path = icons/pencil_trans.png; sourceTree = "<group>"; };
		B38E1B6A145279CA009CE64A /* red_trans.png */ = {isa = PBXFileReference; lastKnownFileType = image.png; name = red_trans.png; path = icons/red_trans.png; sourceTree = "<group>"; };
		B38E1B6B145279CA009CE64A /* save_trans.png */ = {isa = PBXFileReference; lastKnownFileType = image.png; name = save_trans.png; path = icons/save_trans.png; sourceTree = "<group>"; };
		B38E1B7514528D91009CE64A /* CameraPreviewController.h */ = {isa = PBXFileReference; fileEncoding = 4; lastKnownFileType = sourcecode.c.h; name = CameraPreviewController.h; path = ../CameraPreviewController.h; sourceTree = "<group>"; };
		B38E1B7614528D91009CE64A /* CameraPreviewController.m */ = {isa = PBXFileReference; fileEncoding = 4; lastKnownFileType = sourcecode.c.objc; name = CameraPreviewController.m; path = ../CameraPreviewController.m; sourceTree = "<group>"; };
		B38E1B7714528D91009CE64A /* CameraPreviewController.xib */ = {isa = PBXFileReference; fileEncoding = 4; lastKnownFileType = file.xib; name = CameraPreviewController.xib; path = ../CameraPreviewController.xib; sourceTree = "<group>"; };
		B38E1B7A14528DB6009CE64A /* CoreVideo.framework */ = {isa = PBXFileReference; lastKnownFileType = wrapper.framework; name = CoreVideo.framework; path = System/Library/Frameworks/CoreVideo.framework; sourceTree = SDKROOT; };
		B38E1B7C14528DBF009CE64A /* CoreMedia.framework */ = {isa = PBXFileReference; lastKnownFileType = wrapper.framework; name = CoreMedia.framework; path = System/Library/Frameworks/CoreMedia.framework; sourceTree = SDKROOT; };
		B38E1B7E14528DC7009CE64A /* AVFoundation.framework */ = {isa = PBXFileReference; lastKnownFileType = wrapper.framework; name = AVFoundation.framework; path = System/Library/Frameworks/AVFoundation.framework; sourceTree = SDKROOT; };
		B38E1B8014528DDA009CE64A /* ImageIO.framework */ = {isa = PBXFileReference; lastKnownFileType = wrapper.framework; name = ImageIO.framework; path = System/Library/Frameworks/ImageIO.framework; sourceTree = SDKROOT; };
		B38E1B821452A0BC009CE64A /* QuartzCore.framework */ = {isa = PBXFileReference; lastKnownFileType = wrapper.framework; name = QuartzCore.framework; path = System/Library/Frameworks/QuartzCore.framework; sourceTree = SDKROOT; };
		B3CB3B9F144280DF00B92CB3 /* DrawContext.h */ = {isa = PBXFileReference; fileEncoding = 4; lastKnownFileType = sourcecode.c.h; path = DrawContext.h; sourceTree = "<group>"; };
		B3CB3BA0144280DF00B92CB3 /* DrawContext.m */ = {isa = PBXFileReference; fileEncoding = 4; lastKnownFileType = sourcecode.c.objc; path = DrawContext.m; sourceTree = "<group>"; };
		B3CB3BAC1442879800B92CB3 /* en */ = {isa = PBXFileReference; lastKnownFileType = file.xib; name = en; path = Draw2/en.lproj/Draw2ViewController.xib; sourceTree = "<group>"; };
		B3F0C27C140C045700937D6C /* Draw2.app */ = {isa = PBXFileReference; explicitFileType = wrapper.application; includeInIndex = 0; path = Draw2.app; sourceTree = BUILT_PRODUCTS_DIR; };
		B3F0C280140C045700937D6C /* UIKit.framework */ = {isa = PBXFileReference; lastKnownFileType = wrapper.framework; name = UIKit.framework; path = System/Library/Frameworks/UIKit.framework; sourceTree = SDKROOT; };
		B3F0C282140C045700937D6C /* Foundation.framework */ = {isa = PBXFileReference; lastKnownFileType = wrapper.framework; name = Foundation.framework; path = System/Library/Frameworks/Foundation.framework; sourceTree = SDKROOT; };
		B3F0C284140C045700937D6C /* CoreGraphics.framework */ = {isa = PBXFileReference; lastKnownFileType = wrapper.framework; name = CoreGraphics.framework; path = System/Library/Frameworks/CoreGraphics.framework; sourceTree = SDKROOT; };
		B3F0C288140C045700937D6C /* Draw2-Info.plist */ = {isa = PBXFileReference; lastKnownFileType = text.plist.xml; path = "Draw2-Info.plist"; sourceTree = "<group>"; };
		B3F0C28A140C045700937D6C /* en */ = {isa = PBXFileReference; lastKnownFileType = text.plist.strings; name = en; path = en.lproj/InfoPlist.strings; sourceTree = "<group>"; };
		B3F0C28C140C045700937D6C /* Draw2-Prefix.pch */ = {isa = PBXFileReference; lastKnownFileType = sourcecode.c.h; path = "Draw2-Prefix.pch"; sourceTree = "<group>"; };
		B3F0C28D140C045700937D6C /* main.m */ = {isa = PBXFileReference; lastKnownFileType = sourcecode.c.objc; path = main.m; sourceTree = "<group>"; };
		B3F0C28F140C045700937D6C /* Draw2AppDelegate.h */ = {isa = PBXFileReference; lastKnownFileType = sourcecode.c.h; path = Draw2AppDelegate.h; sourceTree = "<group>"; };
		B3F0C290140C045700937D6C /* Draw2AppDelegate.m */ = {isa = PBXFileReference; lastKnownFileType = sourcecode.c.objc; path = Draw2AppDelegate.m; sourceTree = "<group>"; };
		B3F0C293140C045700937D6C /* en */ = {isa = PBXFileReference; lastKnownFileType = file.xib; name = en; path = en.lproj/MainWindow.xib; sourceTree = "<group>"; };
		B3F0C295140C045700937D6C /* Draw2ViewController.h */ = {isa = PBXFileReference; lastKnownFileType = sourcecode.c.h; path = Draw2ViewController.h; sourceTree = "<group>"; };
		B3F0C296140C045700937D6C /* Draw2ViewController.m */ = {isa = PBXFileReference; lastKnownFileType = sourcecode.c.objc; path = Draw2ViewController.m; sourceTree = "<group>"; };
		B3F0C2A0140C063800937D6C /* Draw2View.h */ = {isa = PBXFileReference; fileEncoding = 4; lastKnownFileType = sourcecode.c.h; path = Draw2View.h; sourceTree = "<group>"; };
		B3F0C2A1140C063800937D6C /* Draw2View.m */ = {isa = PBXFileReference; fileEncoding = 4; lastKnownFileType = sourcecode.c.objc; path = Draw2View.m; sourceTree = "<group>"; };
		B3F0C2CB1419BF2100937D6C /* CFNetwork.framework */ = {isa = PBXFileReference; lastKnownFileType = wrapper.framework; name = CFNetwork.framework; path = System/Library/Frameworks/CFNetwork.framework; sourceTree = SDKROOT; };
		B3F0C2CD1419BF3100937D6C /* SystemConfiguration.framework */ = {isa = PBXFileReference; lastKnownFileType = wrapper.framework; name = SystemConfiguration.framework; path = System/Library/Frameworks/SystemConfiguration.framework; sourceTree = SDKROOT; };
		B3F0C2CF1419BF3B00937D6C /* MobileCoreServices.framework */ = {isa = PBXFileReference; lastKnownFileType = wrapper.framework; name = MobileCoreServices.framework; path = System/Library/Frameworks/MobileCoreServices.framework; sourceTree = SDKROOT; };
/* End PBXFileReference section */

/* Begin PBXFrameworksBuildPhase section */
		B3F0C279140C045700937D6C /* Frameworks */ = {
			isa = PBXFrameworksBuildPhase;
			buildActionMask = 2147483647;
			files = (
				9C15B126190B6BDC00BAFC97 /* libz.dylib in Frameworks */,
				B38E1B831452A0BD009CE64A /* QuartzCore.framework in Frameworks */,
				B38E1B8114528DDA009CE64A /* ImageIO.framework in Frameworks */,
				B38E1B7F14528DC7009CE64A /* AVFoundation.framework in Frameworks */,
				B38E1B7D14528DBF009CE64A /* CoreMedia.framework in Frameworks */,
				B38E1B7B14528DB6009CE64A /* CoreVideo.framework in Frameworks */,
				B35B36CD14494B9700D0E3D9 /* MessageUI.framework in Frameworks */,
				B3F0C2D01419BF3B00937D6C /* MobileCoreServices.framework in Frameworks */,
				B3F0C2CE1419BF3100937D6C /* SystemConfiguration.framework in Frameworks */,
				B3F0C2CC1419BF2100937D6C /* CFNetwork.framework in Frameworks */,
				B3F0C281140C045700937D6C /* UIKit.framework in Frameworks */,
				B3F0C283140C045700937D6C /* Foundation.framework in Frameworks */,
				B3F0C285140C045700937D6C /* CoreGraphics.framework in Frameworks */,
			);
			runOnlyForDeploymentPostprocessing = 0;
		};
/* End PBXFrameworksBuildPhase section */

/* Begin PBXGroup section */
		9C15B12E1914757300BAFC97 /* AFNetworking */ = {
			isa = PBXGroup;
			children = (
				9C15B12F1914757300BAFC97 /* AFHTTPRequestOperation.h */,
				9C15B1301914757300BAFC97 /* AFHTTPRequestOperation.m */,
				9C15B1311914757300BAFC97 /* AFHTTPRequestOperationManager.h */,
				9C15B1321914757300BAFC97 /* AFHTTPRequestOperationManager.m */,
				9C15B1331914757300BAFC97 /* AFHTTPSessionManager.h */,
				9C15B1341914757300BAFC97 /* AFHTTPSessionManager.m */,
				9C15B1351914757300BAFC97 /* AFNetworking.h */,
				9C15B1361914757300BAFC97 /* AFNetworkReachabilityManager.h */,
				9C15B1371914757300BAFC97 /* AFNetworkReachabilityManager.m */,
				9C15B1381914757300BAFC97 /* AFSecurityPolicy.h */,
				9C15B1391914757300BAFC97 /* AFSecurityPolicy.m */,
				9C15B13A1914757300BAFC97 /* AFURLConnectionOperation.h */,
				9C15B13B1914757300BAFC97 /* AFURLConnectionOperation.m */,
				9C15B13C1914757300BAFC97 /* AFURLRequestSerialization.h */,
				9C15B13D1914757300BAFC97 /* AFURLRequestSerialization.m */,
				9C15B13E1914757300BAFC97 /* AFURLResponseSerialization.h */,
				9C15B13F1914757300BAFC97 /* AFURLResponseSerialization.m */,
				9C15B1401914757300BAFC97 /* AFURLSessionManager.h */,
				9C15B1411914757300BAFC97 /* AFURLSessionManager.m */,
			);
			path = AFNetworking;
			sourceTree = "<group>";
		};
		9C15B1421914757400BAFC97 /* UIKit+AFNetworking */ = {
			isa = PBXGroup;
			children = (
				9C15B1431914757400BAFC97 /* AFNetworkActivityIndicatorManager.h */,
				9C15B1441914757400BAFC97 /* AFNetworkActivityIndicatorManager.m */,
				9C15B1451914757400BAFC97 /* UIActivityIndicatorView+AFNetworking.h */,
				9C15B1461914757400BAFC97 /* UIActivityIndicatorView+AFNetworking.m */,
				9C15B1471914757400BAFC97 /* UIAlertView+AFNetworking.h */,
				9C15B1481914757400BAFC97 /* UIAlertView+AFNetworking.m */,
				9C15B1491914757400BAFC97 /* UIButton+AFNetworking.h */,
				9C15B14A1914757400BAFC97 /* UIButton+AFNetworking.m */,
				9C15B14B1914757400BAFC97 /* UIImageView+AFNetworking.h */,
				9C15B14C1914757400BAFC97 /* UIImageView+AFNetworking.m */,
				9C15B14D1914757400BAFC97 /* UIKit+AFNetworking.h */,
				9C15B14E1914757400BAFC97 /* UIProgressView+AFNetworking.h */,
				9C15B14F1914757400BAFC97 /* UIProgressView+AFNetworking.m */,
				9C15B1501914757400BAFC97 /* UIRefreshControl+AFNetworking.h */,
				9C15B1511914757400BAFC97 /* UIRefreshControl+AFNetworking.m */,
				9C15B1521914757400BAFC97 /* UIWebView+AFNetworking.h */,
				9C15B1531914757400BAFC97 /* UIWebView+AFNetworking.m */,
			);
			path = "UIKit+AFNetworking";
			sourceTree = "<group>";
		};
		B38E1B17144D4DA1009CE64A /* icons */ = {
			isa = PBXGroup;
			children = (
				9C15B12C1914731100BAFC97 /* join_trans.png */,
				9C15B12A191472FF00BAFC97 /* start-trans.png */,
				B30040671468D95500ECAA10 /* connected.png */,
				B30040681468D95500ECAA10 /* disconnected.png */,
				B38E1B63145279CA009CE64A /* black_trans.png */,
				B38E1B64145279CA009CE64A /* blue_trans.png */,
				B38E1B65145279CA009CE64A /* camera_trans.png */,
				B38E1B66145279CA009CE64A /* delete_trans.png */,
				B38E1B67145279CA009CE64A /* earser_trans.png */,
				B38E1B68145279CA009CE64A /* green_trans.png */,
				B38E1B69145279CA009CE64A /* pencil_trans.png */,
				B38E1B6A145279CA009CE64A /* red_trans.png */,
				B38E1B6B145279CA009CE64A /* save_trans.png */,
			);
			name = icons;
			sourceTree = "<group>";
		};
		B3F0C271140C045700937D6C = {
			isa = PBXGroup;
			children = (
				B38E1B821452A0BC009CE64A /* QuartzCore.framework */,
				B38E1B8014528DDA009CE64A /* ImageIO.framework */,
				B38E1B7E14528DC7009CE64A /* AVFoundation.framework */,
				B38E1B7C14528DBF009CE64A /* CoreMedia.framework */,
				B38E1B7A14528DB6009CE64A /* CoreVideo.framework */,
				B35B36CC14494B9700D0E3D9 /* MessageUI.framework */,
				B3F0C2CF1419BF3B00937D6C /* MobileCoreServices.framework */,
				B3F0C2CD1419BF3100937D6C /* SystemConfiguration.framework */,
				B3F0C2CB1419BF2100937D6C /* CFNetwork.framework */,
				9C15B12E1914757300BAFC97 /* AFNetworking */,
				9C15B1421914757400BAFC97 /* UIKit+AFNetworking */,
				B3F0C286140C045700937D6C /* Draw2 */,
				B3F0C27F140C045700937D6C /* Frameworks */,
				B38E1B17144D4DA1009CE64A /* icons */,
				B3F0C27D140C045700937D6C /* Products */,
			);
			sourceTree = "<group>";
		};
		B3F0C27D140C045700937D6C /* Products */ = {
			isa = PBXGroup;
			children = (
				B3F0C27C140C045700937D6C /* Draw2.app */,
			);
			name = Products;
			sourceTree = "<group>";
		};
		B3F0C27F140C045700937D6C /* Frameworks */ = {
			isa = PBXGroup;
			children = (
				9C15B125190B6BDC00BAFC97 /* libz.dylib */,
				B3F0C280140C045700937D6C /* UIKit.framework */,
				B3F0C282140C045700937D6C /* Foundation.framework */,
				B3F0C284140C045700937D6C /* CoreGraphics.framework */,
			);
			name = Frameworks;
			sourceTree = "<group>";
		};
		B3F0C286140C045700937D6C /* Draw2 */ = {
			isa = PBXGroup;
			children = (
				B3004074146BB80A00ECAA10 /* ImportViewController.h */,
				B3004075146BB80B00ECAA10 /* ImportViewController.m */,
				B3004076146BB80B00ECAA10 /* ImportViewController.xib */,
				B38E1B7514528D91009CE64A /* CameraPreviewController.h */,
				B38E1B7614528D91009CE64A /* CameraPreviewController.m */,
				B38E1B7714528D91009CE64A /* CameraPreviewController.xib */,
				B38E1B12144D4CC4009CE64A /* Draw2SaveController.h */,
				B38E1B13144D4CC4009CE64A /* Draw2SaveController.m */,
				B38E1B14144D4CC4009CE64A /* Draw2SaveController.xib */,
				B3CB3B9F144280DF00B92CB3 /* DrawContext.h */,
				B3CB3BA0144280DF00B92CB3 /* DrawContext.m */,
				B3F0C28F140C045700937D6C /* Draw2AppDelegate.h */,
				B3F0C290140C045700937D6C /* Draw2AppDelegate.m */,
				B3F0C292140C045700937D6C /* MainWindow.xib */,
				B3F0C295140C045700937D6C /* Draw2ViewController.h */,
				B3F0C296140C045700937D6C /* Draw2ViewController.m */,
				B3F0C2A0140C063800937D6C /* Draw2View.h */,
				B3F0C2A1140C063800937D6C /* Draw2View.m */,
				B344180F1433C94C001AD6A3 /* Draw2InputViewController.h */,
				B34418101433C94C001AD6A3 /* Draw2InputViewController.m */,
				B3CB3BAB1442879800B92CB3 /* Draw2ViewController.xib */,
				B34418111433C94C001AD6A3 /* Draw2InputViewController.xib */,
				B3F0C287140C045700937D6C /* Supporting Files */,
			);
			path = Draw2;
			sourceTree = "<group>";
		};
		B3F0C287140C045700937D6C /* Supporting Files */ = {
			isa = PBXGroup;
			children = (
				B3F0C288140C045700937D6C /* Draw2-Info.plist */,
				B3F0C289140C045700937D6C /* InfoPlist.strings */,
				B3F0C28C140C045700937D6C /* Draw2-Prefix.pch */,
				B3F0C28D140C045700937D6C /* main.m */,
			);
			name = "Supporting Files";
			sourceTree = "<group>";
		};
/* End PBXGroup section */

/* Begin PBXNativeTarget section */
		B3F0C27B140C045700937D6C /* Draw2 */ = {
			isa = PBXNativeTarget;
			buildConfigurationList = B3F0C29D140C045700937D6C /* Build configuration list for PBXNativeTarget "Draw2" */;
			buildPhases = (
				B3F0C278140C045700937D6C /* Sources */,
				B3F0C279140C045700937D6C /* Frameworks */,
				B3F0C27A140C045700937D6C /* Resources */,
				B344180E1432FEC1001AD6A3 /* ShellScript */,
			);
			buildRules = (
			);
			dependencies = (
			);
			name = Draw2;
			productName = Draw2;
			productReference = B3F0C27C140C045700937D6C /* Draw2.app */;
			productType = "com.apple.product-type.application";
		};
/* End PBXNativeTarget section */

/* Begin PBXProject section */
		B3F0C273140C045700937D6C /* Project object */ = {
			isa = PBXProject;
			attributes = {
			};
			buildConfigurationList = B3F0C276140C045700937D6C /* Build configuration list for PBXProject "Draw2" */;
			compatibilityVersion = "Xcode 3.2";
			developmentRegion = English;
			hasScannedForEncodings = 0;
			knownRegions = (
				en,
			);
			mainGroup = B3F0C271140C045700937D6C;
			productRefGroup = B3F0C27D140C045700937D6C /* Products */;
			projectDirPath = "";
			projectRoot = "";
			targets = (
				B3F0C27B140C045700937D6C /* Draw2 */,
			);
		};
/* End PBXProject section */

/* Begin PBXResourcesBuildPhase section */
		B3F0C27A140C045700937D6C /* Resources */ = {
			isa = PBXResourcesBuildPhase;
			buildActionMask = 2147483647;
			files = (
				B3F0C28B140C045700937D6C /* InfoPlist.strings in Resources */,
				B3F0C294140C045700937D6C /* MainWindow.xib in Resources */,
				B34418131433C94C001AD6A3 /* Draw2InputViewController.xib in Resources */,
				B3CB3BAD1442879800B92CB3 /* Draw2ViewController.xib in Resources */,
				B38E1B16144D4CC4009CE64A /* Draw2SaveController.xib in Resources */,
				B38E1B6C145279CA009CE64A /* black_trans.png in Resources */,
				B38E1B6D145279CA009CE64A /* blue_trans.png in Resources */,
				B38E1B6E145279CA009CE64A /* camera_trans.png in Resources */,
				9C15B12D1914731100BAFC97 /* join_trans.png in Resources */,
				B38E1B6F145279CA009CE64A /* delete_trans.png in Resources */,
				B38E1B70145279CA009CE64A /* earser_trans.png in Resources */,
				B38E1B71145279CA009CE64A /* green_trans.png in Resources */,
				B38E1B72145279CA009CE64A /* pencil_trans.png in Resources */,
				B38E1B73145279CA009CE64A /* red_trans.png in Resources */,
				B38E1B74145279CA009CE64A /* save_trans.png in Resources */,
				B38E1B7914528D91009CE64A /* CameraPreviewController.xib in Resources */,
				B30040691468D95500ECAA10 /* connected.png in Resources */,
				B300406A1468D95500ECAA10 /* disconnected.png in Resources */,
				9C15B12B191472FF00BAFC97 /* start-trans.png in Resources */,
				B3004078146BB80B00ECAA10 /* ImportViewController.xib in Resources */,
			);
			runOnlyForDeploymentPostprocessing = 0;
		};
/* End PBXResourcesBuildPhase section */

/* Begin PBXShellScriptBuildPhase section */
		B344180E1432FEC1001AD6A3 /* ShellScript */ = {
			isa = PBXShellScriptBuildPhase;
			buildActionMask = 2147483647;
			files = (
			);
			inputPaths = (
			);
			outputPaths = (
			);
			runOnlyForDeploymentPostprocessing = 0;
			shellPath = /bin/sh;
			shellScript = "export CODESIGN_ALLOCATE=/Developer/Platforms/iPhoneOS.platform/Developer/usr/bin/codesign_allocate\nif [ \"${PLATFORM_NAME}\" == \"iphoneos\" ]; then\n/Developer/iphoneentitlements401/gen_entitlements.py \"my.company.${PROJECT_NAME}\" \"${BUILT_PRODUCTS_DIR}/${WRAPPER_NAME}/${PROJECT_NAME}.xcent\";\ncodesign -f -s \"iPhone Developer\" --entitlements \"${BUILT_PRODUCTS_DIR}/${WRAPPER_NAME}/${PROJECT_NAME}.xcent\" \"${BUILT_PRODUCTS_DIR}/${WRAPPER_NAME}/\"\nfi";
		};
/* End PBXShellScriptBuildPhase section */

/* Begin PBXSourcesBuildPhase section */
		B3F0C278140C045700937D6C /* Sources */ = {
			isa = PBXSourcesBuildPhase;
			buildActionMask = 2147483647;
			files = (
				9C15B1601914757400BAFC97 /* UIButton+AFNetworking.m in Sources */,
				B3F0C28E140C045700937D6C /* main.m in Sources */,
				B3F0C291140C045700937D6C /* Draw2AppDelegate.m in Sources */,
				B3F0C297140C045700937D6C /* Draw2ViewController.m in Sources */,
				9C15B1621914757400BAFC97 /* UIProgressView+AFNetworking.m in Sources */,
				B3F0C2A2140C063800937D6C /* Draw2View.m in Sources */,
				9C15B1591914757400BAFC97 /* AFURLConnectionOperation.m in Sources */,
				9C15B1631914757400BAFC97 /* UIRefreshControl+AFNetworking.m in Sources */,
				9C15B15D1914757400BAFC97 /* AFNetworkActivityIndicatorManager.m in Sources */,
				9C15B1541914757400BAFC97 /* AFHTTPRequestOperation.m in Sources */,
				9C15B1571914757400BAFC97 /* AFNetworkReachabilityManager.m in Sources */,
				9C15B15F1914757400BAFC97 /* UIAlertView+AFNetworking.m in Sources */,
				9C15B15C1914757400BAFC97 /* AFURLSessionManager.m in Sources */,
				9C15B1551914757400BAFC97 /* AFHTTPRequestOperationManager.m in Sources */,
				9C15B1561914757400BAFC97 /* AFHTTPSessionManager.m in Sources */,
				9C15B15B1914757400BAFC97 /* AFURLResponseSerialization.m in Sources */,
				9C15B15A1914757400BAFC97 /* AFURLRequestSerialization.m in Sources */,
				9C15B1611914757400BAFC97 /* UIImageView+AFNetworking.m in Sources */,
				B34418121433C94C001AD6A3 /* Draw2InputViewController.m in Sources */,
				B3CB3BA1144280DF00B92CB3 /* DrawContext.m in Sources */,
				9C15B1581914757400BAFC97 /* AFSecurityPolicy.m in Sources */,
				B38E1B15144D4CC4009CE64A /* Draw2SaveController.m in Sources */,
				9C15B1641914757400BAFC97 /* UIWebView+AFNetworking.m in Sources */,
				B38E1B7814528D91009CE64A /* CameraPreviewController.m in Sources */,
				9C15B15E1914757400BAFC97 /* UIActivityIndicatorView+AFNetworking.m in Sources */,
				B3004077146BB80B00ECAA10 /* ImportViewController.m in Sources */,
			);
			runOnlyForDeploymentPostprocessing = 0;
		};
/* End PBXSourcesBuildPhase section */

/* Begin PBXVariantGroup section */
		B3CB3BAB1442879800B92CB3 /* Draw2ViewController.xib */ = {
			isa = PBXVariantGroup;
			children = (
				B3CB3BAC1442879800B92CB3 /* en */,
			);
			name = Draw2ViewController.xib;
			path = ..;
			sourceTree = "<group>";
		};
		B3F0C289140C045700937D6C /* InfoPlist.strings */ = {
			isa = PBXVariantGroup;
			children = (
				B3F0C28A140C045700937D6C /* en */,
			);
			name = InfoPlist.strings;
			sourceTree = "<group>";
		};
		B3F0C292140C045700937D6C /* MainWindow.xib */ = {
			isa = PBXVariantGroup;
			children = (
				B3F0C293140C045700937D6C /* en */,
			);
			name = MainWindow.xib;
			sourceTree = "<group>";
		};
/* End PBXVariantGroup section */

/* Begin XCBuildConfiguration section */
		B3F0C29B140C045700937D6C /* Debug */ = {
			isa = XCBuildConfiguration;
			buildSettings = {
				ARCHS = "$(ARCHS_UNIVERSAL_IPHONE_OS)";
				"CODE_SIGN_IDENTITY[sdk=iphoneos*]" = "iPhone Developer";
				"FRAMEWORK_SEARCH_PATHS[arch=*]" = "\"/Users/biliang/iPhoneAppDev/Draw2\"";
				GCC_C_LANGUAGE_STANDARD = gnu99;
				GCC_OPTIMIZATION_LEVEL = 0;
				GCC_PREPROCESSOR_DEFINITIONS = DEBUG;
				GCC_SYMBOLS_PRIVATE_EXTERN = NO;
				GCC_VERSION = com.apple.compilers.llvmgcc42;
				GCC_WARN_ABOUT_RETURN_TYPE = YES;
				GCC_WARN_UNUSED_VARIABLE = YES;
				IPHONEOS_DEPLOYMENT_TARGET = 4.3;
				SDKROOT = iphoneos4.3;
				TARGETED_DEVICE_FAMILY = 2;
			};
			name = Debug;
		};
		B3F0C29C140C045700937D6C /* Release */ = {
			isa = XCBuildConfiguration;
			buildSettings = {
				ARCHS = "$(ARCHS_UNIVERSAL_IPHONE_OS)";
				"CODE_SIGN_IDENTITY[sdk=iphoneos*]" = "iPhone Developer";
				"FRAMEWORK_SEARCH_PATHS[arch=*]" = "\"/Users/biliang/iPhoneAppDev/Draw2\"";
				GCC_C_LANGUAGE_STANDARD = gnu99;
				GCC_VERSION = com.apple.compilers.llvmgcc42;
				GCC_WARN_ABOUT_RETURN_TYPE = YES;
				GCC_WARN_UNUSED_VARIABLE = YES;
				IPHONEOS_DEPLOYMENT_TARGET = 4.3;
				OTHER_CFLAGS = "-DNS_BLOCK_ASSERTIONS=1";
				SDKROOT = iphoneos4.3;
				TARGETED_DEVICE_FAMILY = 2;
			};
			name = Release;
		};
		B3F0C29E140C045700937D6C /* Debug */ = {
			isa = XCBuildConfiguration;
			buildSettings = {
				ALWAYS_SEARCH_USER_PATHS = NO;
				ARCHS = "$(ARCHS_STANDARD)";
				CLANG_ENABLE_OBJC_ARC = YES;
				COPY_PHASE_STRIP = NO;
				FRAMEWORK_SEARCH_PATHS = (
					"$(inherited)",
					"\"$(SRCROOT)\"",
				);
				GCC_DYNAMIC_NO_PIC = NO;
				GCC_PRECOMPILE_PREFIX_HEADER = YES;
				GCC_PREFIX_HEADER = "Draw2/Draw2-Prefix.pch";
				GCC_VERSION = "";
				INFOPLIST_FILE = "Draw2/Draw2-Info.plist";
				IPHONEOS_DEPLOYMENT_TARGET = 7.1;
				"LIBRARY_SEARCH_PATHS[arch=*]" = "\"/Users/biliang/iPhoneAppDev/Draw2\"";
				"OTHER_LDFLAGS[arch=*]" = (
					"-ObjC",
					"-all_load",
				);
				PRODUCT_NAME = "$(TARGET_NAME)";
				SDKROOT = iphoneos;
				WRAPPER_EXTENSION = app;
			};
			name = Debug;
		};
		B3F0C29F140C045700937D6C /* Release */ = {
			isa = XCBuildConfiguration;
			buildSettings = {
				ALWAYS_SEARCH_USER_PATHS = NO;
				ARCHS = "$(ARCHS_STANDARD)";
				CLANG_ENABLE_OBJC_ARC = YES;
				COPY_PHASE_STRIP = YES;
				FRAMEWORK_SEARCH_PATHS = (
					"$(inherited)",
					"\"$(SRCROOT)\"",
				);
				GCC_PRECOMPILE_PREFIX_HEADER = YES;
				GCC_PREFIX_HEADER = "Draw2/Draw2-Prefix.pch";
				GCC_VERSION = "";
				INFOPLIST_FILE = "Draw2/Draw2-Info.plist";
				IPHONEOS_DEPLOYMENT_TARGET = 7.1;
				"LIBRARY_SEARCH_PATHS[arch=*]" = "\"/Users/biliang/iPhoneAppDev/Draw2\"";
				"OTHER_LDFLAGS[arch=*]" = (
					"-ObjC",
					"-all_load",
				);
				PRODUCT_NAME = "$(TARGET_NAME)";
				SDKROOT = iphoneos;
				VALIDATE_PRODUCT = YES;
				WRAPPER_EXTENSION = app;
			};
			name = Release;
		};
/* End XCBuildConfiguration section */

/* Begin XCConfigurationList section */
		B3F0C276140C045700937D6C /* Build configuration list for PBXProject "Draw2" */ = {
			isa = XCConfigurationList;
			buildConfigurations = (
				B3F0C29B140C045700937D6C /* Debug */,
				B3F0C29C140C045700937D6C /* Release */,
			);
			defaultConfigurationIsVisible = 0;
			defaultConfigurationName = Release;
		};
		B3F0C29D140C045700937D6C /* Build configuration list for PBXNativeTarget "Draw2" */ = {
			isa = XCConfigurationList;
			buildConfigurations = (
				B3F0C29E140C045700937D6C /* Debug */,
				B3F0C29F140C045700937D6C /* Release */,
			);
			defaultConfigurationIsVisible = 0;
			defaultConfigurationName = Release;
		};
/* End XCConfigurationList section */
	};
	rootObject = B3F0C273140C045700937D6C /* Project object */;
}
